{
  "name": "object-shapes-bench",
  "version": "1.0.0",
  "lockfileVersion": 3,
  "requires": true,
  "packages": {
    "": {
      "name": "object-shapes-bench",
      "version": "1.0.0",
      "license": "MIT",
      "dependencies": {
        "22": "^0.0.0",
        "mitata": "^1.0.34"
      },
      "engines": {
        "node": ">=20"
      }
    },
    "node_modules/22": {
      "version": "0.0.0",
      "resolved": "https://registry.npmjs.org/22/-/22-0.0.0.tgz",
      "integrity": "sha512-MdBPNDaCFY4fZVpp14n3Mt4isZ2yS1DrIiOig/iMLljr4zDa0g/583xf/lFXNPwhxCfGKYvyWJSrYyS8jNk2mQ==",
      "license": "MIT"
    },
    "node_modules/mitata": {
      "version": "1.0.34",
      "resolved": "https://registry.npmjs.org/mitata/-/mitata-1.0.34.tgz",
      "integrity": "sha512-Mc3zrtNBKIMeHSCQ0XqRLo1vbdIx1wvFV9c8NJAiyho6AjNfMY8bVhbS12bwciUdd1t4rj8099CH3N3NFahaUA==",
      "license": "MIT"
    }
  }
}
